
Microsoft Visual Studio Solution File, Format Version 12.00
# Visual Studio Version 16
VisualStudioVersion = 16.0.31321.278
MinimumVisualStudioVersion = 10.0.40219.1
Project("{9A19103F-16F7-4668-BE54-9A1E7A4F7556}") = "Web.Principal", "Web.Principal\Web.Principal.csproj", "{9185826A-1D3E-427F-BFB6-3F4FCCA8C48A}"
EndProject
Project("{2150E333-8FDC-42A3-9474-1A3956D46DE8}") = "01 Web", "01 Web", "{6EC7DA23-593F-48B2-8CEA-2A24F8DD53DA}"
EndProject
Project("{2150E333-8FDC-42A3-9474-1A3956D46DE8}") = "02 Servicios", "02 Servicios", "{1A56B615-133B-4E59-87CE-7FD0F906FDB8}"
EndProject
Project("{9A19103F-16F7-4668-BE54-9A1E7A4F7556}") = "Servicio.Maestro", "Servicio.Maestro\Servicio.Maestro.csproj", "{B71AE6E6-2E3A-4C17-AB8C-5F36E3078A16}"
EndProject
Project("{9A19103F-16F7-4668-BE54-9A1E7A4F7556}") = "Servicio.Acceso", "Servicio.Acceso\Servicio.Acceso.csproj", "{73047E55-6054-4D79-9668-06E23D75879B}"
EndProject
Project("{2150E333-8FDC-42A3-9474-1A3956D46DE8}") = "03 Entidades", "03 Entidades", "{C20874C8-2356-47DE-B225-53B351BD122A}"
EndProject
Project("{9A19103F-16F7-4668-BE54-9A1E7A4F7556}") = "ViewModel.Datos", "ViewModel.Datos\ViewModel.Datos.csproj", "{BD85EC2E-5CF7-41F5-BB38-EFE0CB23DAD1}"
EndProject
Project("{2150E333-8FDC-42A3-9474-1A3956D46DE8}") = "00 Bloques", "00 Bloques", "{DB03D8B9-3CB2-4494-A2B4-8B954D002F58}"
EndProject
Project("{9A19103F-16F7-4668-BE54-9A1E7A4F7556}") = "AccesoDatos.Utils", "AccesoDatos.Utils\AccesoDatos.Utils.csproj", "{B8CBC604-60CA-4FF8-BC97-92C2E2715325}"
EndProject
Project("{9A19103F-16F7-4668-BE54-9A1E7A4F7556}") = "Servicio.Solicitud", "Servicio.Solicitud\Servicio.Solicitud.csproj", "{D6BD9895-1500-4B66-88E6-B04BAB272ECF}"
EndProject
Project("{9A19103F-16F7-4668-BE54-9A1E7A4F7556}") = "Servicio.Usuario", "Servicio.Usuario\Servicio.Usuario.csproj", "{9B636CFA-0C61-4CB4-9286-C8131171D714}"
EndProject
Project("{2150E333-8FDC-42A3-9474-1A3956D46DE8}") = "04 Test", "04 Test", "{F2C71DCB-38DB-4BF5-9658-DCA7D2FEC0C7}"
EndProject
Project("{9A19103F-16F7-4668-BE54-9A1E7A4F7556}") = "TransMares.Core", "TransMares.Core\TransMares.Core.csproj", "{953B624F-A671-47CE-8F40-C579778EE6A7}"
EndProject
Project("{9A19103F-16F7-4668-BE54-9A1E7A4F7556}") = "Servicio.Embarque", "Servicio.Embarque\Servicio.Embarque.csproj", "{3168407E-3619-4848-9160-AC0E7A340930}"
EndProject
Project("{9A19103F-16F7-4668-BE54-9A1E7A4F7556}") = "ViewModel.Common", "00.BloqueCompiladores\ViewModel.Common\ViewModel.Common.csproj", "{EAFD5774-C1A9-4785-B925-3B032121004C}"
EndProject
Project("{2150E333-8FDC-42A3-9474-1A3956D46DE8}") = "05 Utilitarios", "05 Utilitarios", "{955C1A0A-F529-4D2D-A498-143CD409C1D4}"
EndProject
Project("{9A19103F-16F7-4668-BE54-9A1E7A4F7556}") = "Utilitario.Constante", "05.Utilitarios\Utilitario.Constante\Utilitario.Constante.csproj", "{4DA4E5E8-BC3D-46A2-B32B-C31FE05146E7}"
EndProject
Project("{2150E333-8FDC-42A3-9474-1A3956D46DE8}") = "ScriptBD", "ScriptBD", "{7AB524A0-402A-495C-B93C-6589BC6574A6}"
EndProject
Project("{2150E333-8FDC-42A3-9474-1A3956D46DE8}") = "SP", "SP", "{EF1C5AC8-A5CF-446C-A65A-A0AF9D3869AA}"
	ProjectSection(SolutionItems) = preProject
		[SEGURIDAD].[TM_PDWAC_SP_DOCUMENTOS_PERFIL].sql = [SEGURIDAD].[TM_PDWAC_SP_DOCUMENTOS_PERFIL].sql
		[TM_PDWAC_SP_SOLICITUD_LEER].sql = [TM_PDWAC_SP_SOLICITUD_LEER].sql
	EndProjectSection
EndProject
Project("{2150E333-8FDC-42A3-9474-1A3956D46DE8}") = "Script", "Script", "{30F39619-9C3A-41BB-B480-1957E08BB95A}"
	ProjectSection(SolutionItems) = preProject
		CREATE TABLE TM_PDWAC_TB_PERFIL_DOCUMENTO.sql = CREATE TABLE TM_PDWAC_TB_PERFIL_DOCUMENTO.sql
	EndProjectSection
EndProject
Project("{9A19103F-16F7-4668-BE54-9A1E7A4F7556}") = "Bootstrapper.Common", "00.BloqueCompiladores\Bootstrapper.Common\Bootstrapper.Common.csproj", "{A24507A0-6166-4745-B1CD-710656C9DA51}"
EndProject
Project("{9A19103F-16F7-4668-BE54-9A1E7A4F7556}") = "Security.Common", "00.BloqueCompiladores\Security.Common\Security.Common.csproj", "{2DAA4F56-1B86-4C61-8AD9-776DC6FC3B80}"
EndProject
Project("{9A19103F-16F7-4668-BE54-9A1E7A4F7556}") = "Email.Common", "00.BloqueCompiladores\Email.Common\Email.Common.csproj", "{9F217DDB-F4FE-4756-9901-9E70BB2FF195}"
EndProject
Project("{9A19103F-16F7-4668-BE54-9A1E7A4F7556}") = "Domain.Common", "00.BloqueCompiladores\Domain.Common\Domain.Common.csproj", "{34390232-F8A9-4D15-8829-AA8748D15395}"
EndProject
Project("{9A19103F-16F7-4668-BE54-9A1E7A4F7556}") = "BusinessLogic.Common", "00.BloqueCompiladores\BusinessLogic.Common\BusinessLogic.Common.csproj", "{421D9B30-F563-4442-AE85-1064FAF9D110}"
EndProject
Project("{9A19103F-16F7-4668-BE54-9A1E7A4F7556}") = "Data.Common", "00.BloqueCompiladores\Data.Common\Data.Common.csproj", "{94A113A8-9090-41FF-BFD0-6B93DF54BD80}"
EndProject
Project("{9A19103F-16F7-4668-BE54-9A1E7A4F7556}") = "CommandHandlers.Common", "00.BloqueCompiladores\CommandHandlers.Common\CommandHandlers.Common.csproj", "{677ABE1F-5414-408D-895A-9ACF22C3E067}"
EndProject
Project("{9A19103F-16F7-4668-BE54-9A1E7A4F7556}") = "EventBus.Common", "00.BloqueCompiladores\EventBus.Common\EventBus.Common.csproj", "{39B15D39-01F4-4456-90C4-ACF5285CE1AD}"
EndProject
Project("{9A19103F-16F7-4668-BE54-9A1E7A4F7556}") = "QueryHandlers.Common", "00.BloqueCompiladores\QueryHandlers.Common\QueryHandlers.Common.csproj", "{82B576C3-AD6D-4E69-8EDB-BE412142C10D}"
EndProject
Project("{9A19103F-16F7-4668-BE54-9A1E7A4F7556}") = "EventBus.EasyNetQ", "00.BloqueCompiladores\EventBus.EasyNetQ\EventBus.EasyNetQ.csproj", "{60C0F84D-4183-4087-901E-489D4D7A3DC6}"
EndProject
Project("{9A19103F-16F7-4668-BE54-9A1E7A4F7556}") = "Service.Common", "00.BloqueCompiladores\Service.Common\Service.Common.csproj", "{F88C2BFE-1149-4702-836A-EBFD48196FA1}"
EndProject
Project("{2150E333-8FDC-42A3-9474-1A3956D46DE8}") = "06 Batch", "06 Batch", "{21E30773-EF86-4276-AC10-D2E20B14D2EE}"
EndProject
Project("{9A19103F-16F7-4668-BE54-9A1E7A4F7556}") = "Utilitario.Seguridad", "05.Utilitarios\Utilitario.Seguridad\Utilitario.Seguridad.csproj", "{39EBD644-894B-4EBF-8787-F5B52292F00F}"
EndProject
Project("{9A19103F-16F7-4668-BE54-9A1E7A4F7556}") = "Batch.Correo", "Batch\Batch.Rezagados\Batch.Correo.csproj", "{FF04F36B-92E9-42C0-ABB8-4B97C00D0090}"
EndProject
Project("{9A19103F-16F7-4668-BE54-9A1E7A4F7556}") = "Servicio.Message", "Servicio.Message\Servicio.Message.csproj", "{50E08F2D-02D0-4BAF-ADF9-5D7AE017D394}"
EndProject
Project("{9A19103F-16F7-4668-BE54-9A1E7A4F7556}") = "Test", "04.Test\Test\Test.csproj", "{2BB8921E-71E2-4451-A784-3E6BCBD43555}"
EndProject
Project("{9A19103F-16F7-4668-BE54-9A1E7A4F7556}") = "Servicio.Notificacion", "Servicio.Notificacion\Servicio.Notificacion.csproj", "{B8CAD2E5-9751-4EB5-A14A-A769D8FD0B59}"
EndProject
Project("{9A19103F-16F7-4668-BE54-9A1E7A4F7556}") = "Web.Tarifario", "Web.Tarifario\Web.Tarifario.csproj", "{023C3965-3526-4B05-868C-2F6E5A8E65BE}"
EndProject
Project("{9A19103F-16F7-4668-BE54-9A1E7A4F7556}") = "Web.LibroReclamaciones", "Web.LibroReclamaciones\Web.LibroReclamaciones.csproj", "{42D94209-CCDB-4FA0-BA69-BC0F937002BA}"
EndProject
Project("{9A19103F-16F7-4668-BE54-9A1E7A4F7556}") = "ViewModel.Reclamo", "ViewModel.Reclamo\ViewModel.Reclamo.csproj", "{2FECB0D9-DECD-4E7F-BA58-B106D5C909F6}"
EndProject
Project("{FAE04EC0-301F-11D3-BF4B-00C04F79EFBC}") = "ViewModel.Tarifario", "ViewModel.Tarifario\ViewModel.Tarifario.csproj", "{C2CBC6D7-C744-4486-A676-FD330AAE2620}"
EndProject
Global
	GlobalSection(SolutionConfigurationPlatforms) = preSolution
		Debug|Any CPU = Debug|Any CPU
		Release|Any CPU = Release|Any CPU
	EndGlobalSection
	GlobalSection(ProjectConfigurationPlatforms) = postSolution
		{9185826A-1D3E-427F-BFB6-3F4FCCA8C48A}.Debug|Any CPU.ActiveCfg = Debug|Any CPU
		{9185826A-1D3E-427F-BFB6-3F4FCCA8C48A}.Debug|Any CPU.Build.0 = Debug|Any CPU
		{9185826A-1D3E-427F-BFB6-3F4FCCA8C48A}.Release|Any CPU.ActiveCfg = Release|Any CPU
		{9185826A-1D3E-427F-BFB6-3F4FCCA8C48A}.Release|Any CPU.Build.0 = Release|Any CPU
		{B71AE6E6-2E3A-4C17-AB8C-5F36E3078A16}.Debug|Any CPU.ActiveCfg = Debug|Any CPU
		{B71AE6E6-2E3A-4C17-AB8C-5F36E3078A16}.Debug|Any CPU.Build.0 = Debug|Any CPU
		{B71AE6E6-2E3A-4C17-AB8C-5F36E3078A16}.Release|Any CPU.ActiveCfg = Release|Any CPU
		{B71AE6E6-2E3A-4C17-AB8C-5F36E3078A16}.Release|Any CPU.Build.0 = Release|Any CPU
		{73047E55-6054-4D79-9668-06E23D75879B}.Debug|Any CPU.ActiveCfg = Debug|Any CPU
		{73047E55-6054-4D79-9668-06E23D75879B}.Debug|Any CPU.Build.0 = Debug|Any CPU
		{73047E55-6054-4D79-9668-06E23D75879B}.Release|Any CPU.ActiveCfg = Release|Any CPU
		{73047E55-6054-4D79-9668-06E23D75879B}.Release|Any CPU.Build.0 = Release|Any CPU
		{BD85EC2E-5CF7-41F5-BB38-EFE0CB23DAD1}.Debug|Any CPU.ActiveCfg = Debug|Any CPU
		{BD85EC2E-5CF7-41F5-BB38-EFE0CB23DAD1}.Debug|Any CPU.Build.0 = Debug|Any CPU
		{BD85EC2E-5CF7-41F5-BB38-EFE0CB23DAD1}.Release|Any CPU.ActiveCfg = Release|Any CPU
		{BD85EC2E-5CF7-41F5-BB38-EFE0CB23DAD1}.Release|Any CPU.Build.0 = Release|Any CPU
		{B8CBC604-60CA-4FF8-BC97-92C2E2715325}.Debug|Any CPU.ActiveCfg = Debug|Any CPU
		{B8CBC604-60CA-4FF8-BC97-92C2E2715325}.Debug|Any CPU.Build.0 = Debug|Any CPU
		{B8CBC604-60CA-4FF8-BC97-92C2E2715325}.Release|Any CPU.ActiveCfg = Release|Any CPU
		{B8CBC604-60CA-4FF8-BC97-92C2E2715325}.Release|Any CPU.Build.0 = Release|Any CPU
		{D6BD9895-1500-4B66-88E6-B04BAB272ECF}.Debug|Any CPU.ActiveCfg = Debug|Any CPU
		{D6BD9895-1500-4B66-88E6-B04BAB272ECF}.Debug|Any CPU.Build.0 = Debug|Any CPU
		{D6BD9895-1500-4B66-88E6-B04BAB272ECF}.Release|Any CPU.ActiveCfg = Release|Any CPU
		{D6BD9895-1500-4B66-88E6-B04BAB272ECF}.Release|Any CPU.Build.0 = Release|Any CPU
		{9B636CFA-0C61-4CB4-9286-C8131171D714}.Debug|Any CPU.ActiveCfg = Debug|Any CPU
		{9B636CFA-0C61-4CB4-9286-C8131171D714}.Debug|Any CPU.Build.0 = Debug|Any CPU
		{9B636CFA-0C61-4CB4-9286-C8131171D714}.Release|Any CPU.ActiveCfg = Release|Any CPU
		{9B636CFA-0C61-4CB4-9286-C8131171D714}.Release|Any CPU.Build.0 = Release|Any CPU
		{953B624F-A671-47CE-8F40-C579778EE6A7}.Debug|Any CPU.ActiveCfg = Debug|Any CPU
		{953B624F-A671-47CE-8F40-C579778EE6A7}.Debug|Any CPU.Build.0 = Debug|Any CPU
		{953B624F-A671-47CE-8F40-C579778EE6A7}.Release|Any CPU.ActiveCfg = Release|Any CPU
		{953B624F-A671-47CE-8F40-C579778EE6A7}.Release|Any CPU.Build.0 = Release|Any CPU
		{3168407E-3619-4848-9160-AC0E7A340930}.Debug|Any CPU.ActiveCfg = Debug|Any CPU
		{3168407E-3619-4848-9160-AC0E7A340930}.Debug|Any CPU.Build.0 = Debug|Any CPU
		{3168407E-3619-4848-9160-AC0E7A340930}.Release|Any CPU.ActiveCfg = Release|Any CPU
		{3168407E-3619-4848-9160-AC0E7A340930}.Release|Any CPU.Build.0 = Release|Any CPU
		{EAFD5774-C1A9-4785-B925-3B032121004C}.Debug|Any CPU.ActiveCfg = Debug|Any CPU
		{EAFD5774-C1A9-4785-B925-3B032121004C}.Debug|Any CPU.Build.0 = Debug|Any CPU
		{EAFD5774-C1A9-4785-B925-3B032121004C}.Release|Any CPU.ActiveCfg = Release|Any CPU
		{EAFD5774-C1A9-4785-B925-3B032121004C}.Release|Any CPU.Build.0 = Release|Any CPU
		{4DA4E5E8-BC3D-46A2-B32B-C31FE05146E7}.Debug|Any CPU.ActiveCfg = Debug|Any CPU
		{4DA4E5E8-BC3D-46A2-B32B-C31FE05146E7}.Debug|Any CPU.Build.0 = Debug|Any CPU
		{4DA4E5E8-BC3D-46A2-B32B-C31FE05146E7}.Release|Any CPU.ActiveCfg = Release|Any CPU
		{4DA4E5E8-BC3D-46A2-B32B-C31FE05146E7}.Release|Any CPU.Build.0 = Release|Any CPU
		{A24507A0-6166-4745-B1CD-710656C9DA51}.Debug|Any CPU.ActiveCfg = Debug|Any CPU
		{A24507A0-6166-4745-B1CD-710656C9DA51}.Debug|Any CPU.Build.0 = Debug|Any CPU
		{A24507A0-6166-4745-B1CD-710656C9DA51}.Release|Any CPU.ActiveCfg = Release|Any CPU
		{A24507A0-6166-4745-B1CD-710656C9DA51}.Release|Any CPU.Build.0 = Release|Any CPU
		{2DAA4F56-1B86-4C61-8AD9-776DC6FC3B80}.Debug|Any CPU.ActiveCfg = Debug|Any CPU
		{2DAA4F56-1B86-4C61-8AD9-776DC6FC3B80}.Debug|Any CPU.Build.0 = Debug|Any CPU
		{2DAA4F56-1B86-4C61-8AD9-776DC6FC3B80}.Release|Any CPU.ActiveCfg = Release|Any CPU
		{2DAA4F56-1B86-4C61-8AD9-776DC6FC3B80}.Release|Any CPU.Build.0 = Release|Any CPU
		{9F217DDB-F4FE-4756-9901-9E70BB2FF195}.Debug|Any CPU.ActiveCfg = Debug|Any CPU
		{9F217DDB-F4FE-4756-9901-9E70BB2FF195}.Debug|Any CPU.Build.0 = Debug|Any CPU
		{9F217DDB-F4FE-4756-9901-9E70BB2FF195}.Release|Any CPU.ActiveCfg = Release|Any CPU
		{9F217DDB-F4FE-4756-9901-9E70BB2FF195}.Release|Any CPU.Build.0 = Release|Any CPU
		{34390232-F8A9-4D15-8829-AA8748D15395}.Debug|Any CPU.ActiveCfg = Debug|Any CPU
		{34390232-F8A9-4D15-8829-AA8748D15395}.Debug|Any CPU.Build.0 = Debug|Any CPU
		{34390232-F8A9-4D15-8829-AA8748D15395}.Release|Any CPU.ActiveCfg = Release|Any CPU
		{34390232-F8A9-4D15-8829-AA8748D15395}.Release|Any CPU.Build.0 = Release|Any CPU
		{421D9B30-F563-4442-AE85-1064FAF9D110}.Debug|Any CPU.ActiveCfg = Debug|Any CPU
		{421D9B30-F563-4442-AE85-1064FAF9D110}.Debug|Any CPU.Build.0 = Debug|Any CPU
		{421D9B30-F563-4442-AE85-1064FAF9D110}.Release|Any CPU.ActiveCfg = Release|Any CPU
		{421D9B30-F563-4442-AE85-1064FAF9D110}.Release|Any CPU.Build.0 = Release|Any CPU
		{94A113A8-9090-41FF-BFD0-6B93DF54BD80}.Debug|Any CPU.ActiveCfg = Debug|Any CPU
		{94A113A8-9090-41FF-BFD0-6B93DF54BD80}.Debug|Any CPU.Build.0 = Debug|Any CPU
		{94A113A8-9090-41FF-BFD0-6B93DF54BD80}.Release|Any CPU.ActiveCfg = Release|Any CPU
		{94A113A8-9090-41FF-BFD0-6B93DF54BD80}.Release|Any CPU.Build.0 = Release|Any CPU
		{677ABE1F-5414-408D-895A-9ACF22C3E067}.Debug|Any CPU.ActiveCfg = Debug|Any CPU
		{677ABE1F-5414-408D-895A-9ACF22C3E067}.Debug|Any CPU.Build.0 = Debug|Any CPU
		{677ABE1F-5414-408D-895A-9ACF22C3E067}.Release|Any CPU.ActiveCfg = Release|Any CPU
		{677ABE1F-5414-408D-895A-9ACF22C3E067}.Release|Any CPU.Build.0 = Release|Any CPU
		{39B15D39-01F4-4456-90C4-ACF5285CE1AD}.Debug|Any CPU.ActiveCfg = Debug|Any CPU
		{39B15D39-01F4-4456-90C4-ACF5285CE1AD}.Debug|Any CPU.Build.0 = Debug|Any CPU
		{39B15D39-01F4-4456-90C4-ACF5285CE1AD}.Release|Any CPU.ActiveCfg = Release|Any CPU
		{39B15D39-01F4-4456-90C4-ACF5285CE1AD}.Release|Any CPU.Build.0 = Release|Any CPU
		{82B576C3-AD6D-4E69-8EDB-BE412142C10D}.Debug|Any CPU.ActiveCfg = Debug|Any CPU
		{82B576C3-AD6D-4E69-8EDB-BE412142C10D}.Debug|Any CPU.Build.0 = Debug|Any CPU
		{82B576C3-AD6D-4E69-8EDB-BE412142C10D}.Release|Any CPU.ActiveCfg = Release|Any CPU
		{82B576C3-AD6D-4E69-8EDB-BE412142C10D}.Release|Any CPU.Build.0 = Release|Any CPU
		{60C0F84D-4183-4087-901E-489D4D7A3DC6}.Debug|Any CPU.ActiveCfg = Debug|Any CPU
		{60C0F84D-4183-4087-901E-489D4D7A3DC6}.Debug|Any CPU.Build.0 = Debug|Any CPU
		{60C0F84D-4183-4087-901E-489D4D7A3DC6}.Release|Any CPU.ActiveCfg = Release|Any CPU
		{60C0F84D-4183-4087-901E-489D4D7A3DC6}.Release|Any CPU.Build.0 = Release|Any CPU
		{F88C2BFE-1149-4702-836A-EBFD48196FA1}.Debug|Any CPU.ActiveCfg = Debug|Any CPU
		{F88C2BFE-1149-4702-836A-EBFD48196FA1}.Debug|Any CPU.Build.0 = Debug|Any CPU
		{F88C2BFE-1149-4702-836A-EBFD48196FA1}.Release|Any CPU.ActiveCfg = Release|Any CPU
		{F88C2BFE-1149-4702-836A-EBFD48196FA1}.Release|Any CPU.Build.0 = Release|Any CPU
		{39EBD644-894B-4EBF-8787-F5B52292F00F}.Debug|Any CPU.ActiveCfg = Debug|Any CPU
		{39EBD644-894B-4EBF-8787-F5B52292F00F}.Debug|Any CPU.Build.0 = Debug|Any CPU
		{39EBD644-894B-4EBF-8787-F5B52292F00F}.Release|Any CPU.ActiveCfg = Release|Any CPU
		{39EBD644-894B-4EBF-8787-F5B52292F00F}.Release|Any CPU.Build.0 = Release|Any CPU
		{FF04F36B-92E9-42C0-ABB8-4B97C00D0090}.Debug|Any CPU.ActiveCfg = Debug|Any CPU
		{FF04F36B-92E9-42C0-ABB8-4B97C00D0090}.Debug|Any CPU.Build.0 = Debug|Any CPU
		{FF04F36B-92E9-42C0-ABB8-4B97C00D0090}.Release|Any CPU.ActiveCfg = Release|Any CPU
		{FF04F36B-92E9-42C0-ABB8-4B97C00D0090}.Release|Any CPU.Build.0 = Release|Any CPU
		{50E08F2D-02D0-4BAF-ADF9-5D7AE017D394}.Debug|Any CPU.ActiveCfg = Debug|Any CPU
		{50E08F2D-02D0-4BAF-ADF9-5D7AE017D394}.Debug|Any CPU.Build.0 = Debug|Any CPU
		{50E08F2D-02D0-4BAF-ADF9-5D7AE017D394}.Release|Any CPU.ActiveCfg = Release|Any CPU
		{50E08F2D-02D0-4BAF-ADF9-5D7AE017D394}.Release|Any CPU.Build.0 = Release|Any CPU
		{2BB8921E-71E2-4451-A784-3E6BCBD43555}.Debug|Any CPU.ActiveCfg = Debug|Any CPU
		{2BB8921E-71E2-4451-A784-3E6BCBD43555}.Debug|Any CPU.Build.0 = Debug|Any CPU
		{2BB8921E-71E2-4451-A784-3E6BCBD43555}.Release|Any CPU.ActiveCfg = Release|Any CPU
		{2BB8921E-71E2-4451-A784-3E6BCBD43555}.Release|Any CPU.Build.0 = Release|Any CPU
		{B8CAD2E5-9751-4EB5-A14A-A769D8FD0B59}.Debug|Any CPU.ActiveCfg = Debug|Any CPU
		{B8CAD2E5-9751-4EB5-A14A-A769D8FD0B59}.Debug|Any CPU.Build.0 = Debug|Any CPU
		{B8CAD2E5-9751-4EB5-A14A-A769D8FD0B59}.Release|Any CPU.ActiveCfg = Release|Any CPU
		{B8CAD2E5-9751-4EB5-A14A-A769D8FD0B59}.Release|Any CPU.Build.0 = Release|Any CPU
		{023C3965-3526-4B05-868C-2F6E5A8E65BE}.Debug|Any CPU.ActiveCfg = Debug|Any CPU
		{023C3965-3526-4B05-868C-2F6E5A8E65BE}.Debug|Any CPU.Build.0 = Debug|Any CPU
		{023C3965-3526-4B05-868C-2F6E5A8E65BE}.Release|Any CPU.ActiveCfg = Release|Any CPU
		{023C3965-3526-4B05-868C-2F6E5A8E65BE}.Release|Any CPU.Build.0 = Release|Any CPU
		{42D94209-CCDB-4FA0-BA69-BC0F937002BA}.Debug|Any CPU.ActiveCfg = Debug|Any CPU
		{42D94209-CCDB-4FA0-BA69-BC0F937002BA}.Debug|Any CPU.Build.0 = Debug|Any CPU
		{42D94209-CCDB-4FA0-BA69-BC0F937002BA}.Release|Any CPU.ActiveCfg = Release|Any CPU
		{42D94209-CCDB-4FA0-BA69-BC0F937002BA}.Release|Any CPU.Build.0 = Release|Any CPU
		{2FECB0D9-DECD-4E7F-BA58-B106D5C909F6}.Debug|Any CPU.ActiveCfg = Debug|Any CPU
		{2FECB0D9-DECD-4E7F-BA58-B106D5C909F6}.Debug|Any CPU.Build.0 = Debug|Any CPU
		{2FECB0D9-DECD-4E7F-BA58-B106D5C909F6}.Release|Any CPU.ActiveCfg = Release|Any CPU
		{2FECB0D9-DECD-4E7F-BA58-B106D5C909F6}.Release|Any CPU.Build.0 = Release|Any CPU
		{C2CBC6D7-C744-4486-A676-FD330AAE2620}.Debug|Any CPU.ActiveCfg = Debug|Any CPU
		{C2CBC6D7-C744-4486-A676-FD330AAE2620}.Debug|Any CPU.Build.0 = Debug|Any CPU
		{C2CBC6D7-C744-4486-A676-FD330AAE2620}.Release|Any CPU.ActiveCfg = Release|Any CPU
		{C2CBC6D7-C744-4486-A676-FD330AAE2620}.Release|Any CPU.Build.0 = Release|Any CPU
	EndGlobalSection
	GlobalSection(SolutionProperties) = preSolution
		HideSolutionNode = FALSE
	EndGlobalSection
	GlobalSection(NestedProjects) = preSolution
		{9185826A-1D3E-427F-BFB6-3F4FCCA8C48A} = {6EC7DA23-593F-48B2-8CEA-2A24F8DD53DA}
		{B71AE6E6-2E3A-4C17-AB8C-5F36E3078A16} = {1A56B615-133B-4E59-87CE-7FD0F906FDB8}
		{73047E55-6054-4D79-9668-06E23D75879B} = {1A56B615-133B-4E59-87CE-7FD0F906FDB8}
		{BD85EC2E-5CF7-41F5-BB38-EFE0CB23DAD1} = {C20874C8-2356-47DE-B225-53B351BD122A}
		{B8CBC604-60CA-4FF8-BC97-92C2E2715325} = {DB03D8B9-3CB2-4494-A2B4-8B954D002F58}
		{D6BD9895-1500-4B66-88E6-B04BAB272ECF} = {1A56B615-133B-4E59-87CE-7FD0F906FDB8}
		{9B636CFA-0C61-4CB4-9286-C8131171D714} = {1A56B615-133B-4E59-87CE-7FD0F906FDB8}
		{953B624F-A671-47CE-8F40-C579778EE6A7} = {955C1A0A-F529-4D2D-A498-143CD409C1D4}
		{3168407E-3619-4848-9160-AC0E7A340930} = {1A56B615-133B-4E59-87CE-7FD0F906FDB8}
		{EAFD5774-C1A9-4785-B925-3B032121004C} = {DB03D8B9-3CB2-4494-A2B4-8B954D002F58}
		{4DA4E5E8-BC3D-46A2-B32B-C31FE05146E7} = {955C1A0A-F529-4D2D-A498-143CD409C1D4}
		{EF1C5AC8-A5CF-446C-A65A-A0AF9D3869AA} = {7AB524A0-402A-495C-B93C-6589BC6574A6}
		{30F39619-9C3A-41BB-B480-1957E08BB95A} = {7AB524A0-402A-495C-B93C-6589BC6574A6}
		{A24507A0-6166-4745-B1CD-710656C9DA51} = {DB03D8B9-3CB2-4494-A2B4-8B954D002F58}
		{2DAA4F56-1B86-4C61-8AD9-776DC6FC3B80} = {DB03D8B9-3CB2-4494-A2B4-8B954D002F58}
		{9F217DDB-F4FE-4756-9901-9E70BB2FF195} = {DB03D8B9-3CB2-4494-A2B4-8B954D002F58}
		{34390232-F8A9-4D15-8829-AA8748D15395} = {DB03D8B9-3CB2-4494-A2B4-8B954D002F58}
		{421D9B30-F563-4442-AE85-1064FAF9D110} = {DB03D8B9-3CB2-4494-A2B4-8B954D002F58}
		{94A113A8-9090-41FF-BFD0-6B93DF54BD80} = {DB03D8B9-3CB2-4494-A2B4-8B954D002F58}
		{677ABE1F-5414-408D-895A-9ACF22C3E067} = {DB03D8B9-3CB2-4494-A2B4-8B954D002F58}
		{39B15D39-01F4-4456-90C4-ACF5285CE1AD} = {DB03D8B9-3CB2-4494-A2B4-8B954D002F58}
		{82B576C3-AD6D-4E69-8EDB-BE412142C10D} = {DB03D8B9-3CB2-4494-A2B4-8B954D002F58}
		{60C0F84D-4183-4087-901E-489D4D7A3DC6} = {DB03D8B9-3CB2-4494-A2B4-8B954D002F58}
		{F88C2BFE-1149-4702-836A-EBFD48196FA1} = {DB03D8B9-3CB2-4494-A2B4-8B954D002F58}
		{39EBD644-894B-4EBF-8787-F5B52292F00F} = {955C1A0A-F529-4D2D-A498-143CD409C1D4}
		{FF04F36B-92E9-42C0-ABB8-4B97C00D0090} = {21E30773-EF86-4276-AC10-D2E20B14D2EE}
		{50E08F2D-02D0-4BAF-ADF9-5D7AE017D394} = {1A56B615-133B-4E59-87CE-7FD0F906FDB8}
		{2BB8921E-71E2-4451-A784-3E6BCBD43555} = {F2C71DCB-38DB-4BF5-9658-DCA7D2FEC0C7}
		{B8CAD2E5-9751-4EB5-A14A-A769D8FD0B59} = {1A56B615-133B-4E59-87CE-7FD0F906FDB8}
		{023C3965-3526-4B05-868C-2F6E5A8E65BE} = {6EC7DA23-593F-48B2-8CEA-2A24F8DD53DA}
		{42D94209-CCDB-4FA0-BA69-BC0F937002BA} = {6EC7DA23-593F-48B2-8CEA-2A24F8DD53DA}
		{2FECB0D9-DECD-4E7F-BA58-B106D5C909F6} = {C20874C8-2356-47DE-B225-53B351BD122A}
		{C2CBC6D7-C744-4486-A676-FD330AAE2620} = {C20874C8-2356-47DE-B225-53B351BD122A}
	EndGlobalSection
	GlobalSection(ExtensibilityGlobals) = postSolution
		SolutionGuid = {FB6AA25B-6CE3-4680-9F9C-49074FC72DAA}
	EndGlobalSection
EndGlobal
